github.com/goark/errs v1.3.2 h1:ifccNe1aK7Xezt4XVYwHUqalmnfhuphnEvh3FshCReQ=
github.com/goark/errs v1.3.2/go.mod h1:ZsQucxaDFVfSB8I99j4bxkDRfNOrlKINwg72QMuRWKw=
github.com/goark/fetch v0.5.0 h1:mZM4Gd3DfLXwrCjw/2rbUBnifW/vqihjV3HkGN3xKXI=
github.com/goark/fetch v0.5.0/go.mod h1:hv29ebMJTGgOL5hdZ05xxEyfjChqCEXRHH+PNOKh6IE=
