github.com/spiegel-im-spiegel/errs v1.0.5 h1:5qAUEXPZgF4ZIUmw2vpe7OgDP0C8DIV67BKwjfLidJI=
github.com/spiegel-im-spiegel/errs v1.0.5/go.mod h1:mOsWcUc9hpRXjwdgJqJ3E2n6ibkYFvhNck1QD0ZVGOM=
github.com/spiegel-im-spiegel/fetch v0.2.5 h1:S3yMboi2AT8DqubEed3OQfRHLABK+R44ooEHNw5fqTk=
github.com/spiegel-im-spiegel/fetch v0.2.5/go.mod h1:1O8nwPhJvt5JGBwVPzngcT71Y65us4GCyjuVyvCN4sk=
